
Microsoft Visual Studio Solution File, Format Version 12.00
# Visual Studio 2012
Project("{FAE04EC0-301F-11D3-BF4B-00C04F79EFBC}") = "GreedyDwarf", "GreedyDwarf\GreedyDwarf.csproj", "{F7B85019-626A-4B18-905C-30AEB4D2E0B3}"
EndProject
Project("{FAE04EC0-301F-11D3-BF4B-00C04F79EFBC}") = "JoroTheRabbit", "JoroTheRabbit\JoroTheRabbit.csproj", "{BAA88B7F-CBAD-40E0-B1E5-6A5C90137299}"
EndProject
Project("{FAE04EC0-301F-11D3-BF4B-00C04F79EFBC}") = "KaspichanNumbers", "KaspichanNumbers\KaspichanNumbers.csproj", "{81826FE6-14DD-48DB-8A8C-B2FD630CB65B}"
EndProject
Global
	GlobalSection(SolutionConfigurationPlatforms) = preSolution
		Debug|Any CPU = Debug|Any CPU
		Release|Any CPU = Release|Any CPU
	EndGlobalSection
	GlobalSection(ProjectConfigurationPlatforms) = postSolution
		{F7B85019-626A-4B18-905C-30AEB4D2E0B3}.Debug|Any CPU.ActiveCfg = Debug|Any CPU
		{F7B85019-626A-4B18-905C-30AEB4D2E0B3}.Debug|Any CPU.Build.0 = Debug|Any CPU
		{F7B85019-626A-4B18-905C-30AEB4D2E0B3}.Release|Any CPU.ActiveCfg = Release|Any CPU
		{F7B85019-626A-4B18-905C-30AEB4D2E0B3}.Release|Any CPU.Build.0 = Release|Any CPU
		{BAA88B7F-CBAD-40E0-B1E5-6A5C90137299}.Debug|Any CPU.ActiveCfg = Debug|Any CPU
		{BAA88B7F-CBAD-40E0-B1E5-6A5C90137299}.Debug|Any CPU.Build.0 = Debug|Any CPU
		{BAA88B7F-CBAD-40E0-B1E5-6A5C90137299}.Release|Any CPU.ActiveCfg = Release|Any CPU
		{BAA88B7F-CBAD-40E0-B1E5-6A5C90137299}.Release|Any CPU.Build.0 = Release|Any CPU
		{81826FE6-14DD-48DB-8A8C-B2FD630CB65B}.Debug|Any CPU.ActiveCfg = Debug|Any CPU
		{81826FE6-14DD-48DB-8A8C-B2FD630CB65B}.Debug|Any CPU.Build.0 = Debug|Any CPU
		{81826FE6-14DD-48DB-8A8C-B2FD630CB65B}.Release|Any CPU.ActiveCfg = Release|Any CPU
		{81826FE6-14DD-48DB-8A8C-B2FD630CB65B}.Release|Any CPU.Build.0 = Release|Any CPU
	EndGlobalSection
	GlobalSection(SolutionProperties) = preSolution
		HideSolutionNode = FALSE
	EndGlobalSection
EndGlobal
