
Microsoft Visual Studio Solution File, Format Version 12.00
# Visual Studio 2012
Project("{FAE04EC0-301F-11D3-BF4B-00C04F79EFBC}") = "01_Hello", "01_Hello\01_Hello.csproj", "{B8409217-F940-4CF0-A542-4EEBCDDE0E9C}"
EndProject
Project("{FAE04EC0-301F-11D3-BF4B-00C04F79EFBC}") = "02_GetMax", "02_GetMax\02_GetMax.csproj", "{156720D9-FF0D-45AA-BB62-0378B11C399F}"
EndProject
Project("{FAE04EC0-301F-11D3-BF4B-00C04F79EFBC}") = "03_LastDigitAsWord", "03_LastDigitAsWord\03_LastDigitAsWord.csproj", "{12733452-71DB-41B2-AD06-81FBC1CF0AFF}"
EndProject
Project("{FAE04EC0-301F-11D3-BF4B-00C04F79EFBC}") = "04_NumberFrequency", "04_NumberFrequency\04_NumberFrequency.csproj", "{268EFA26-A3D7-4D8B-8C42-79AA29834958}"
EndProject
Project("{FAE04EC0-301F-11D3-BF4B-00C04F79EFBC}") = "04_NumberFrequencyUnitTest", "04_NumberFrequencyUnitTest\04_NumberFrequencyUnitTest.csproj", "{FDDF5F96-E52E-4847-A0EE-C9020FB20715}"
EndProject
Project("{FAE04EC0-301F-11D3-BF4B-00C04F79EFBC}") = "05_biggerThanNeighbors", "05_biggerThanNeighbors\05_biggerThanNeighbors.csproj", "{DBF32BAB-201E-4F16-A9E4-98E9F98943D6}"
EndProject
Project("{FAE04EC0-301F-11D3-BF4B-00C04F79EFBC}") = "06_FirstBiggerThanNeighbors", "06_FirstBiggerThanNeighbors\06_FirstBiggerThanNeighbors.csproj", "{FA7B2AAA-0C07-4CD3-80C1-05345BAA48CA}"
EndProject
Project("{FAE04EC0-301F-11D3-BF4B-00C04F79EFBC}") = "07_ReverseDigits", "07_ReverseDigits\07_ReverseDigits.csproj", "{C32365B1-FEC9-4522-8FB8-06B5608F91AD}"
EndProject
Project("{FAE04EC0-301F-11D3-BF4B-00C04F79EFBC}") = "08_AddsIntegers", "08_AddsIntegers\08_AddsIntegers.csproj", "{D4B2DCA4-15ED-4916-824A-04328A8EDBED}"
EndProject
Global
	GlobalSection(SolutionConfigurationPlatforms) = preSolution
		Debug|Any CPU = Debug|Any CPU
		Release|Any CPU = Release|Any CPU
	EndGlobalSection
	GlobalSection(ProjectConfigurationPlatforms) = postSolution
		{B8409217-F940-4CF0-A542-4EEBCDDE0E9C}.Debug|Any CPU.ActiveCfg = Debug|Any CPU
		{B8409217-F940-4CF0-A542-4EEBCDDE0E9C}.Debug|Any CPU.Build.0 = Debug|Any CPU
		{B8409217-F940-4CF0-A542-4EEBCDDE0E9C}.Release|Any CPU.ActiveCfg = Release|Any CPU
		{B8409217-F940-4CF0-A542-4EEBCDDE0E9C}.Release|Any CPU.Build.0 = Release|Any CPU
		{156720D9-FF0D-45AA-BB62-0378B11C399F}.Debug|Any CPU.ActiveCfg = Debug|Any CPU
		{156720D9-FF0D-45AA-BB62-0378B11C399F}.Debug|Any CPU.Build.0 = Debug|Any CPU
		{156720D9-FF0D-45AA-BB62-0378B11C399F}.Release|Any CPU.ActiveCfg = Release|Any CPU
		{156720D9-FF0D-45AA-BB62-0378B11C399F}.Release|Any CPU.Build.0 = Release|Any CPU
		{12733452-71DB-41B2-AD06-81FBC1CF0AFF}.Debug|Any CPU.ActiveCfg = Debug|Any CPU
		{12733452-71DB-41B2-AD06-81FBC1CF0AFF}.Debug|Any CPU.Build.0 = Debug|Any CPU
		{12733452-71DB-41B2-AD06-81FBC1CF0AFF}.Release|Any CPU.ActiveCfg = Release|Any CPU
		{12733452-71DB-41B2-AD06-81FBC1CF0AFF}.Release|Any CPU.Build.0 = Release|Any CPU
		{268EFA26-A3D7-4D8B-8C42-79AA29834958}.Debug|Any CPU.ActiveCfg = Debug|Any CPU
		{268EFA26-A3D7-4D8B-8C42-79AA29834958}.Debug|Any CPU.Build.0 = Debug|Any CPU
		{268EFA26-A3D7-4D8B-8C42-79AA29834958}.Release|Any CPU.ActiveCfg = Release|Any CPU
		{268EFA26-A3D7-4D8B-8C42-79AA29834958}.Release|Any CPU.Build.0 = Release|Any CPU
		{FDDF5F96-E52E-4847-A0EE-C9020FB20715}.Debug|Any CPU.ActiveCfg = Debug|Any CPU
		{FDDF5F96-E52E-4847-A0EE-C9020FB20715}.Debug|Any CPU.Build.0 = Debug|Any CPU
		{FDDF5F96-E52E-4847-A0EE-C9020FB20715}.Release|Any CPU.ActiveCfg = Release|Any CPU
		{FDDF5F96-E52E-4847-A0EE-C9020FB20715}.Release|Any CPU.Build.0 = Release|Any CPU
		{DBF32BAB-201E-4F16-A9E4-98E9F98943D6}.Debug|Any CPU.ActiveCfg = Debug|Any CPU
		{DBF32BAB-201E-4F16-A9E4-98E9F98943D6}.Debug|Any CPU.Build.0 = Debug|Any CPU
		{DBF32BAB-201E-4F16-A9E4-98E9F98943D6}.Release|Any CPU.ActiveCfg = Release|Any CPU
		{DBF32BAB-201E-4F16-A9E4-98E9F98943D6}.Release|Any CPU.Build.0 = Release|Any CPU
		{FA7B2AAA-0C07-4CD3-80C1-05345BAA48CA}.Debug|Any CPU.ActiveCfg = Debug|Any CPU
		{FA7B2AAA-0C07-4CD3-80C1-05345BAA48CA}.Debug|Any CPU.Build.0 = Debug|Any CPU
		{FA7B2AAA-0C07-4CD3-80C1-05345BAA48CA}.Release|Any CPU.ActiveCfg = Release|Any CPU
		{FA7B2AAA-0C07-4CD3-80C1-05345BAA48CA}.Release|Any CPU.Build.0 = Release|Any CPU
		{C32365B1-FEC9-4522-8FB8-06B5608F91AD}.Debug|Any CPU.ActiveCfg = Debug|Any CPU
		{C32365B1-FEC9-4522-8FB8-06B5608F91AD}.Debug|Any CPU.Build.0 = Debug|Any CPU
		{C32365B1-FEC9-4522-8FB8-06B5608F91AD}.Release|Any CPU.ActiveCfg = Release|Any CPU
		{C32365B1-FEC9-4522-8FB8-06B5608F91AD}.Release|Any CPU.Build.0 = Release|Any CPU
		{D4B2DCA4-15ED-4916-824A-04328A8EDBED}.Debug|Any CPU.ActiveCfg = Debug|Any CPU
		{D4B2DCA4-15ED-4916-824A-04328A8EDBED}.Debug|Any CPU.Build.0 = Debug|Any CPU
		{D4B2DCA4-15ED-4916-824A-04328A8EDBED}.Release|Any CPU.ActiveCfg = Release|Any CPU
		{D4B2DCA4-15ED-4916-824A-04328A8EDBED}.Release|Any CPU.Build.0 = Release|Any CPU
	EndGlobalSection
	GlobalSection(SolutionProperties) = preSolution
		HideSolutionNode = FALSE
	EndGlobalSection
EndGlobal
