
Microsoft Visual Studio Solution File, Format Version 12.00
# Visual Studio 2012
Project("{FAE04EC0-301F-11D3-BF4B-00C04F79EFBC}") = "03.ReverseString", "ReverseString\03.ReverseString.csproj", "{5F69E722-3DC7-471C-AA08-B533F9B85FB0}"
EndProject
Project("{FAE04EC0-301F-11D3-BF4B-00C04F79EFBC}") = "02.Check", "Check\02.Check.csproj", "{EC8496AE-F32A-4376-ADF5-A885304E97DA}"
EndProject
Project("{FAE04EC0-301F-11D3-BF4B-00C04F79EFBC}") = "04.Counter", "Counter\04.Counter.csproj", "{EB0BDDB3-3CF8-4C00-A874-B8FA5A8F1FB7}"
EndProject
Project("{FAE04EC0-301F-11D3-BF4B-00C04F79EFBC}") = "05.TextChange", "TextChange\05.TextChange.csproj", "{6D00ED71-7A9C-4EAB-8584-52273F31B6B4}"
EndProject
Project("{FAE04EC0-301F-11D3-BF4B-00C04F79EFBC}") = "06.StringRead", "StringRead\06.StringRead.csproj", "{45A7B4E7-CF8D-4A80-B66B-72FBA7A85C1F}"
EndProject
Project("{FAE04EC0-301F-11D3-BF4B-00C04F79EFBC}") = "07.Encode", "Encode\07.Encode.csproj", "{86DA1751-BF1D-4653-A577-396E9B9FC9B7}"
EndProject
Project("{FAE04EC0-301F-11D3-BF4B-00C04F79EFBC}") = "08.Sentences", "Sentences\08.Sentences.csproj", "{003A5A6B-B9ED-4B19-8F83-B002FC0BCD5F}"
EndProject
Project("{FAE04EC0-301F-11D3-BF4B-00C04F79EFBC}") = "09.ForbidenWords", "ForbidenWords\09.ForbidenWords.csproj", "{0797789B-22BC-4F60-A24B-75CAB479B558}"
EndProject
Project("{FAE04EC0-301F-11D3-BF4B-00C04F79EFBC}") = "10.StringToUnicode", "StringToUnicode\10.StringToUnicode.csproj", "{9959E526-5684-4CD2-9D19-5AADA130339A}"
EndProject
Project("{FAE04EC0-301F-11D3-BF4B-00C04F79EFBC}") = "11.PrintsNumber", "PrintsNumber\11.PrintsNumber.csproj", "{CF2FF5AC-3DA0-4514-9A08-74344114CB03}"
EndProject
Project("{FAE04EC0-301F-11D3-BF4B-00C04F79EFBC}") = "12.ParseURL", "ParseURL\12.ParseURL.csproj", "{AD253952-C971-4097-B81B-B78396839087}"
EndProject
Project("{FAE04EC0-301F-11D3-BF4B-00C04F79EFBC}") = "13.ReverseWords", "everseWords\13.ReverseWords.csproj", "{387AC499-3F84-45A0-8C49-6EE83F31F0B6}"
EndProject
Project("{FAE04EC0-301F-11D3-BF4B-00C04F79EFBC}") = "14.Dictionary", "Dictionary\14.Dictionary.csproj", "{D9782985-47BA-46DD-A1AA-FBD57ACFA8B3}"
EndProject
Project("{FAE04EC0-301F-11D3-BF4B-00C04F79EFBC}") = "15.ReplaceTag", "ReplaceTag\15.ReplaceTag.csproj", "{6C76B488-2571-4572-934E-12FCAA5971A1}"
EndProject
Project("{FAE04EC0-301F-11D3-BF4B-00C04F79EFBC}") = "16.CalculateDays", "CalculateDays\16.CalculateDays.csproj", "{E2BB72FA-1811-405E-A422-9B3326CC2E96}"
EndProject
Project("{FAE04EC0-301F-11D3-BF4B-00C04F79EFBC}") = "17.AddHours", "AddHours\17.AddHours.csproj", "{C0EA4F94-D81C-4BB0-8803-DFA87DD8E095}"
EndProject
Project("{FAE04EC0-301F-11D3-BF4B-00C04F79EFBC}") = "18.ExtractEmail", "ExtractEmail\18.ExtractEmail.csproj", "{FF45EC5F-81F1-41D5-85AD-53B036014ACF}"
EndProject
Project("{FAE04EC0-301F-11D3-BF4B-00C04F79EFBC}") = "19.ExtrateDay", "ExtrateDay\19.ExtrateDay.csproj", "{4B305407-4C54-414C-AA8F-C2AD4032516C}"
EndProject
Project("{FAE04EC0-301F-11D3-BF4B-00C04F79EFBC}") = "20.Palindromes", "Palindromes\20.Palindromes.csproj", "{8DE3C308-9800-4F12-8D1D-EDA47356D012}"
EndProject
Project("{FAE04EC0-301F-11D3-BF4B-00C04F79EFBC}") = "21.CountLetters", "CountLetters\21.CountLetters.csproj", "{FA708BCF-6AD0-4C94-A185-268CF1BC818C}"
EndProject
Project("{FAE04EC0-301F-11D3-BF4B-00C04F79EFBC}") = "22.DifferentLetters", "DifferentLetters\22.DifferentLetters.csproj", "{1908020D-9F63-405F-A721-96F7DCBD9655}"
EndProject
Project("{FAE04EC0-301F-11D3-BF4B-00C04F79EFBC}") = "23.DifferentWords", "DifferentWords\23.DifferentWords.csproj", "{944F3CA3-F73E-4CF1-B69C-C76EF831063C}"
EndProject
Project("{FAE04EC0-301F-11D3-BF4B-00C04F79EFBC}") = "24.ReplaceLetters", "ReplaceLetters\24.ReplaceLetters.csproj", "{9D5A9AD0-2B11-4C9C-8176-C2A0556F11CF}"
EndProject
Project("{FAE04EC0-301F-11D3-BF4B-00C04F79EFBC}") = "25.Alphabet", "Alphabet\25.Alphabet.csproj", "{24C96291-82B6-4C24-9A47-73188F77318C}"
EndProject
Project("{FAE04EC0-301F-11D3-BF4B-00C04F79EFBC}") = "ExtractTitle", "ExtractTitle\ExtractTitle.csproj", "{02A69A4C-4AD3-43E0-9A74-424414DA2C87}"
EndProject
Global
	GlobalSection(SolutionConfigurationPlatforms) = preSolution
		Debug|Any CPU = Debug|Any CPU
		Debug|ARM = Debug|ARM
		Debug|x64 = Debug|x64
		Debug|x86 = Debug|x86
		Release|Any CPU = Release|Any CPU
		Release|ARM = Release|ARM
		Release|x64 = Release|x64
		Release|x86 = Release|x86
	EndGlobalSection
	GlobalSection(ProjectConfigurationPlatforms) = postSolution
		{5F69E722-3DC7-471C-AA08-B533F9B85FB0}.Debug|Any CPU.ActiveCfg = Debug|Any CPU
		{5F69E722-3DC7-471C-AA08-B533F9B85FB0}.Debug|Any CPU.Build.0 = Debug|Any CPU
		{5F69E722-3DC7-471C-AA08-B533F9B85FB0}.Debug|ARM.ActiveCfg = Debug|Any CPU
		{5F69E722-3DC7-471C-AA08-B533F9B85FB0}.Debug|x64.ActiveCfg = Debug|Any CPU
		{5F69E722-3DC7-471C-AA08-B533F9B85FB0}.Debug|x86.ActiveCfg = Debug|Any CPU
		{5F69E722-3DC7-471C-AA08-B533F9B85FB0}.Release|Any CPU.ActiveCfg = Release|Any CPU
		{5F69E722-3DC7-471C-AA08-B533F9B85FB0}.Release|Any CPU.Build.0 = Release|Any CPU
		{5F69E722-3DC7-471C-AA08-B533F9B85FB0}.Release|ARM.ActiveCfg = Release|Any CPU
		{5F69E722-3DC7-471C-AA08-B533F9B85FB0}.Release|x64.ActiveCfg = Release|Any CPU
		{5F69E722-3DC7-471C-AA08-B533F9B85FB0}.Release|x86.ActiveCfg = Release|Any CPU
		{EC8496AE-F32A-4376-ADF5-A885304E97DA}.Debug|Any CPU.ActiveCfg = Debug|Any CPU
		{EC8496AE-F32A-4376-ADF5-A885304E97DA}.Debug|Any CPU.Build.0 = Debug|Any CPU
		{EC8496AE-F32A-4376-ADF5-A885304E97DA}.Debug|ARM.ActiveCfg = Debug|Any CPU
		{EC8496AE-F32A-4376-ADF5-A885304E97DA}.Debug|x64.ActiveCfg = Debug|Any CPU
		{EC8496AE-F32A-4376-ADF5-A885304E97DA}.Debug|x86.ActiveCfg = Debug|Any CPU
		{EC8496AE-F32A-4376-ADF5-A885304E97DA}.Release|Any CPU.ActiveCfg = Release|Any CPU
		{EC8496AE-F32A-4376-ADF5-A885304E97DA}.Release|Any CPU.Build.0 = Release|Any CPU
		{EC8496AE-F32A-4376-ADF5-A885304E97DA}.Release|ARM.ActiveCfg = Release|Any CPU
		{EC8496AE-F32A-4376-ADF5-A885304E97DA}.Release|x64.ActiveCfg = Release|Any CPU
		{EC8496AE-F32A-4376-ADF5-A885304E97DA}.Release|x86.ActiveCfg = Release|Any CPU
		{EB0BDDB3-3CF8-4C00-A874-B8FA5A8F1FB7}.Debug|Any CPU.ActiveCfg = Debug|Any CPU
		{EB0BDDB3-3CF8-4C00-A874-B8FA5A8F1FB7}.Debug|Any CPU.Build.0 = Debug|Any CPU
		{EB0BDDB3-3CF8-4C00-A874-B8FA5A8F1FB7}.Debug|ARM.ActiveCfg = Debug|Any CPU
		{EB0BDDB3-3CF8-4C00-A874-B8FA5A8F1FB7}.Debug|x64.ActiveCfg = Debug|Any CPU
		{EB0BDDB3-3CF8-4C00-A874-B8FA5A8F1FB7}.Debug|x86.ActiveCfg = Debug|Any CPU
		{EB0BDDB3-3CF8-4C00-A874-B8FA5A8F1FB7}.Release|Any CPU.ActiveCfg = Release|Any CPU
		{EB0BDDB3-3CF8-4C00-A874-B8FA5A8F1FB7}.Release|Any CPU.Build.0 = Release|Any CPU
		{EB0BDDB3-3CF8-4C00-A874-B8FA5A8F1FB7}.Release|ARM.ActiveCfg = Release|Any CPU
		{EB0BDDB3-3CF8-4C00-A874-B8FA5A8F1FB7}.Release|x64.ActiveCfg = Release|Any CPU
		{EB0BDDB3-3CF8-4C00-A874-B8FA5A8F1FB7}.Release|x86.ActiveCfg = Release|Any CPU
		{6D00ED71-7A9C-4EAB-8584-52273F31B6B4}.Debug|Any CPU.ActiveCfg = Debug|Any CPU
		{6D00ED71-7A9C-4EAB-8584-52273F31B6B4}.Debug|Any CPU.Build.0 = Debug|Any CPU
		{6D00ED71-7A9C-4EAB-8584-52273F31B6B4}.Debug|ARM.ActiveCfg = Debug|Any CPU
		{6D00ED71-7A9C-4EAB-8584-52273F31B6B4}.Debug|x64.ActiveCfg = Debug|Any CPU
		{6D00ED71-7A9C-4EAB-8584-52273F31B6B4}.Debug|x86.ActiveCfg = Debug|Any CPU
		{6D00ED71-7A9C-4EAB-8584-52273F31B6B4}.Release|Any CPU.ActiveCfg = Release|Any CPU
		{6D00ED71-7A9C-4EAB-8584-52273F31B6B4}.Release|Any CPU.Build.0 = Release|Any CPU
		{6D00ED71-7A9C-4EAB-8584-52273F31B6B4}.Release|ARM.ActiveCfg = Release|Any CPU
		{6D00ED71-7A9C-4EAB-8584-52273F31B6B4}.Release|x64.ActiveCfg = Release|Any CPU
		{6D00ED71-7A9C-4EAB-8584-52273F31B6B4}.Release|x86.ActiveCfg = Release|Any CPU
		{45A7B4E7-CF8D-4A80-B66B-72FBA7A85C1F}.Debug|Any CPU.ActiveCfg = Debug|Any CPU
		{45A7B4E7-CF8D-4A80-B66B-72FBA7A85C1F}.Debug|Any CPU.Build.0 = Debug|Any CPU
		{45A7B4E7-CF8D-4A80-B66B-72FBA7A85C1F}.Debug|ARM.ActiveCfg = Debug|Any CPU
		{45A7B4E7-CF8D-4A80-B66B-72FBA7A85C1F}.Debug|x64.ActiveCfg = Debug|Any CPU
		{45A7B4E7-CF8D-4A80-B66B-72FBA7A85C1F}.Debug|x86.ActiveCfg = Debug|Any CPU
		{45A7B4E7-CF8D-4A80-B66B-72FBA7A85C1F}.Release|Any CPU.ActiveCfg = Release|Any CPU
		{45A7B4E7-CF8D-4A80-B66B-72FBA7A85C1F}.Release|Any CPU.Build.0 = Release|Any CPU
		{45A7B4E7-CF8D-4A80-B66B-72FBA7A85C1F}.Release|ARM.ActiveCfg = Release|Any CPU
		{45A7B4E7-CF8D-4A80-B66B-72FBA7A85C1F}.Release|x64.ActiveCfg = Release|Any CPU
		{45A7B4E7-CF8D-4A80-B66B-72FBA7A85C1F}.Release|x86.ActiveCfg = Release|Any CPU
		{86DA1751-BF1D-4653-A577-396E9B9FC9B7}.Debug|Any CPU.ActiveCfg = Debug|Any CPU
		{86DA1751-BF1D-4653-A577-396E9B9FC9B7}.Debug|Any CPU.Build.0 = Debug|Any CPU
		{86DA1751-BF1D-4653-A577-396E9B9FC9B7}.Debug|ARM.ActiveCfg = Debug|Any CPU
		{86DA1751-BF1D-4653-A577-396E9B9FC9B7}.Debug|x64.ActiveCfg = Debug|Any CPU
		{86DA1751-BF1D-4653-A577-396E9B9FC9B7}.Debug|x86.ActiveCfg = Debug|Any CPU
		{86DA1751-BF1D-4653-A577-396E9B9FC9B7}.Release|Any CPU.ActiveCfg = Release|Any CPU
		{86DA1751-BF1D-4653-A577-396E9B9FC9B7}.Release|Any CPU.Build.0 = Release|Any CPU
		{86DA1751-BF1D-4653-A577-396E9B9FC9B7}.Release|ARM.ActiveCfg = Release|Any CPU
		{86DA1751-BF1D-4653-A577-396E9B9FC9B7}.Release|x64.ActiveCfg = Release|Any CPU
		{86DA1751-BF1D-4653-A577-396E9B9FC9B7}.Release|x86.ActiveCfg = Release|Any CPU
		{003A5A6B-B9ED-4B19-8F83-B002FC0BCD5F}.Debug|Any CPU.ActiveCfg = Debug|Any CPU
		{003A5A6B-B9ED-4B19-8F83-B002FC0BCD5F}.Debug|Any CPU.Build.0 = Debug|Any CPU
		{003A5A6B-B9ED-4B19-8F83-B002FC0BCD5F}.Debug|ARM.ActiveCfg = Debug|Any CPU
		{003A5A6B-B9ED-4B19-8F83-B002FC0BCD5F}.Debug|x64.ActiveCfg = Debug|Any CPU
		{003A5A6B-B9ED-4B19-8F83-B002FC0BCD5F}.Debug|x86.ActiveCfg = Debug|Any CPU
		{003A5A6B-B9ED-4B19-8F83-B002FC0BCD5F}.Release|Any CPU.ActiveCfg = Release|Any CPU
		{003A5A6B-B9ED-4B19-8F83-B002FC0BCD5F}.Release|Any CPU.Build.0 = Release|Any CPU
		{003A5A6B-B9ED-4B19-8F83-B002FC0BCD5F}.Release|ARM.ActiveCfg = Release|Any CPU
		{003A5A6B-B9ED-4B19-8F83-B002FC0BCD5F}.Release|x64.ActiveCfg = Release|Any CPU
		{003A5A6B-B9ED-4B19-8F83-B002FC0BCD5F}.Release|x86.ActiveCfg = Release|Any CPU
		{0797789B-22BC-4F60-A24B-75CAB479B558}.Debug|Any CPU.ActiveCfg = Debug|Any CPU
		{0797789B-22BC-4F60-A24B-75CAB479B558}.Debug|Any CPU.Build.0 = Debug|Any CPU
		{0797789B-22BC-4F60-A24B-75CAB479B558}.Debug|ARM.ActiveCfg = Debug|Any CPU
		{0797789B-22BC-4F60-A24B-75CAB479B558}.Debug|x64.ActiveCfg = Debug|Any CPU
		{0797789B-22BC-4F60-A24B-75CAB479B558}.Debug|x86.ActiveCfg = Debug|Any CPU
		{0797789B-22BC-4F60-A24B-75CAB479B558}.Release|Any CPU.ActiveCfg = Release|Any CPU
		{0797789B-22BC-4F60-A24B-75CAB479B558}.Release|Any CPU.Build.0 = Release|Any CPU
		{0797789B-22BC-4F60-A24B-75CAB479B558}.Release|ARM.ActiveCfg = Release|Any CPU
		{0797789B-22BC-4F60-A24B-75CAB479B558}.Release|x64.ActiveCfg = Release|Any CPU
		{0797789B-22BC-4F60-A24B-75CAB479B558}.Release|x86.ActiveCfg = Release|Any CPU
		{9959E526-5684-4CD2-9D19-5AADA130339A}.Debug|Any CPU.ActiveCfg = Debug|Any CPU
		{9959E526-5684-4CD2-9D19-5AADA130339A}.Debug|Any CPU.Build.0 = Debug|Any CPU
		{9959E526-5684-4CD2-9D19-5AADA130339A}.Debug|ARM.ActiveCfg = Debug|Any CPU
		{9959E526-5684-4CD2-9D19-5AADA130339A}.Debug|x64.ActiveCfg = Debug|Any CPU
		{9959E526-5684-4CD2-9D19-5AADA130339A}.Debug|x86.ActiveCfg = Debug|Any CPU
		{9959E526-5684-4CD2-9D19-5AADA130339A}.Release|Any CPU.ActiveCfg = Release|Any CPU
		{9959E526-5684-4CD2-9D19-5AADA130339A}.Release|Any CPU.Build.0 = Release|Any CPU
		{9959E526-5684-4CD2-9D19-5AADA130339A}.Release|ARM.ActiveCfg = Release|Any CPU
		{9959E526-5684-4CD2-9D19-5AADA130339A}.Release|x64.ActiveCfg = Release|Any CPU
		{9959E526-5684-4CD2-9D19-5AADA130339A}.Release|x86.ActiveCfg = Release|Any CPU
		{CF2FF5AC-3DA0-4514-9A08-74344114CB03}.Debug|Any CPU.ActiveCfg = Debug|Any CPU
		{CF2FF5AC-3DA0-4514-9A08-74344114CB03}.Debug|Any CPU.Build.0 = Debug|Any CPU
		{CF2FF5AC-3DA0-4514-9A08-74344114CB03}.Debug|ARM.ActiveCfg = Debug|Any CPU
		{CF2FF5AC-3DA0-4514-9A08-74344114CB03}.Debug|x64.ActiveCfg = Debug|Any CPU
		{CF2FF5AC-3DA0-4514-9A08-74344114CB03}.Debug|x86.ActiveCfg = Debug|Any CPU
		{CF2FF5AC-3DA0-4514-9A08-74344114CB03}.Release|Any CPU.ActiveCfg = Release|Any CPU
		{CF2FF5AC-3DA0-4514-9A08-74344114CB03}.Release|Any CPU.Build.0 = Release|Any CPU
		{CF2FF5AC-3DA0-4514-9A08-74344114CB03}.Release|ARM.ActiveCfg = Release|Any CPU
		{CF2FF5AC-3DA0-4514-9A08-74344114CB03}.Release|x64.ActiveCfg = Release|Any CPU
		{CF2FF5AC-3DA0-4514-9A08-74344114CB03}.Release|x86.ActiveCfg = Release|Any CPU
		{AD253952-C971-4097-B81B-B78396839087}.Debug|Any CPU.ActiveCfg = Debug|Any CPU
		{AD253952-C971-4097-B81B-B78396839087}.Debug|Any CPU.Build.0 = Debug|Any CPU
		{AD253952-C971-4097-B81B-B78396839087}.Debug|ARM.ActiveCfg = Debug|Any CPU
		{AD253952-C971-4097-B81B-B78396839087}.Debug|x64.ActiveCfg = Debug|Any CPU
		{AD253952-C971-4097-B81B-B78396839087}.Debug|x86.ActiveCfg = Debug|Any CPU
		{AD253952-C971-4097-B81B-B78396839087}.Release|Any CPU.ActiveCfg = Release|Any CPU
		{AD253952-C971-4097-B81B-B78396839087}.Release|Any CPU.Build.0 = Release|Any CPU
		{AD253952-C971-4097-B81B-B78396839087}.Release|ARM.ActiveCfg = Release|Any CPU
		{AD253952-C971-4097-B81B-B78396839087}.Release|x64.ActiveCfg = Release|Any CPU
		{AD253952-C971-4097-B81B-B78396839087}.Release|x86.ActiveCfg = Release|Any CPU
		{387AC499-3F84-45A0-8C49-6EE83F31F0B6}.Debug|Any CPU.ActiveCfg = Debug|Any CPU
		{387AC499-3F84-45A0-8C49-6EE83F31F0B6}.Debug|Any CPU.Build.0 = Debug|Any CPU
		{387AC499-3F84-45A0-8C49-6EE83F31F0B6}.Debug|ARM.ActiveCfg = Debug|Any CPU
		{387AC499-3F84-45A0-8C49-6EE83F31F0B6}.Debug|x64.ActiveCfg = Debug|Any CPU
		{387AC499-3F84-45A0-8C49-6EE83F31F0B6}.Debug|x86.ActiveCfg = Debug|Any CPU
		{387AC499-3F84-45A0-8C49-6EE83F31F0B6}.Release|Any CPU.ActiveCfg = Release|Any CPU
		{387AC499-3F84-45A0-8C49-6EE83F31F0B6}.Release|Any CPU.Build.0 = Release|Any CPU
		{387AC499-3F84-45A0-8C49-6EE83F31F0B6}.Release|ARM.ActiveCfg = Release|Any CPU
		{387AC499-3F84-45A0-8C49-6EE83F31F0B6}.Release|x64.ActiveCfg = Release|Any CPU
		{387AC499-3F84-45A0-8C49-6EE83F31F0B6}.Release|x86.ActiveCfg = Release|Any CPU
		{D9782985-47BA-46DD-A1AA-FBD57ACFA8B3}.Debug|Any CPU.ActiveCfg = Debug|Any CPU
		{D9782985-47BA-46DD-A1AA-FBD57ACFA8B3}.Debug|Any CPU.Build.0 = Debug|Any CPU
		{D9782985-47BA-46DD-A1AA-FBD57ACFA8B3}.Debug|ARM.ActiveCfg = Debug|Any CPU
		{D9782985-47BA-46DD-A1AA-FBD57ACFA8B3}.Debug|x64.ActiveCfg = Debug|Any CPU
		{D9782985-47BA-46DD-A1AA-FBD57ACFA8B3}.Debug|x86.ActiveCfg = Debug|Any CPU
		{D9782985-47BA-46DD-A1AA-FBD57ACFA8B3}.Release|Any CPU.ActiveCfg = Release|Any CPU
		{D9782985-47BA-46DD-A1AA-FBD57ACFA8B3}.Release|Any CPU.Build.0 = Release|Any CPU
		{D9782985-47BA-46DD-A1AA-FBD57ACFA8B3}.Release|ARM.ActiveCfg = Release|Any CPU
		{D9782985-47BA-46DD-A1AA-FBD57ACFA8B3}.Release|x64.ActiveCfg = Release|Any CPU
		{D9782985-47BA-46DD-A1AA-FBD57ACFA8B3}.Release|x86.ActiveCfg = Release|Any CPU
		{6C76B488-2571-4572-934E-12FCAA5971A1}.Debug|Any CPU.ActiveCfg = Debug|Any CPU
		{6C76B488-2571-4572-934E-12FCAA5971A1}.Debug|Any CPU.Build.0 = Debug|Any CPU
		{6C76B488-2571-4572-934E-12FCAA5971A1}.Debug|ARM.ActiveCfg = Debug|Any CPU
		{6C76B488-2571-4572-934E-12FCAA5971A1}.Debug|x64.ActiveCfg = Debug|Any CPU
		{6C76B488-2571-4572-934E-12FCAA5971A1}.Debug|x86.ActiveCfg = Debug|Any CPU
		{6C76B488-2571-4572-934E-12FCAA5971A1}.Release|Any CPU.ActiveCfg = Release|Any CPU
		{6C76B488-2571-4572-934E-12FCAA5971A1}.Release|Any CPU.Build.0 = Release|Any CPU
		{6C76B488-2571-4572-934E-12FCAA5971A1}.Release|ARM.ActiveCfg = Release|Any CPU
		{6C76B488-2571-4572-934E-12FCAA5971A1}.Release|x64.ActiveCfg = Release|Any CPU
		{6C76B488-2571-4572-934E-12FCAA5971A1}.Release|x86.ActiveCfg = Release|Any CPU
		{E2BB72FA-1811-405E-A422-9B3326CC2E96}.Debug|Any CPU.ActiveCfg = Debug|Any CPU
		{E2BB72FA-1811-405E-A422-9B3326CC2E96}.Debug|Any CPU.Build.0 = Debug|Any CPU
		{E2BB72FA-1811-405E-A422-9B3326CC2E96}.Debug|ARM.ActiveCfg = Debug|Any CPU
		{E2BB72FA-1811-405E-A422-9B3326CC2E96}.Debug|x64.ActiveCfg = Debug|Any CPU
		{E2BB72FA-1811-405E-A422-9B3326CC2E96}.Debug|x86.ActiveCfg = Debug|Any CPU
		{E2BB72FA-1811-405E-A422-9B3326CC2E96}.Release|Any CPU.ActiveCfg = Release|Any CPU
		{E2BB72FA-1811-405E-A422-9B3326CC2E96}.Release|Any CPU.Build.0 = Release|Any CPU
		{E2BB72FA-1811-405E-A422-9B3326CC2E96}.Release|ARM.ActiveCfg = Release|Any CPU
		{E2BB72FA-1811-405E-A422-9B3326CC2E96}.Release|x64.ActiveCfg = Release|Any CPU
		{E2BB72FA-1811-405E-A422-9B3326CC2E96}.Release|x86.ActiveCfg = Release|Any CPU
		{C0EA4F94-D81C-4BB0-8803-DFA87DD8E095}.Debug|Any CPU.ActiveCfg = Debug|Any CPU
		{C0EA4F94-D81C-4BB0-8803-DFA87DD8E095}.Debug|Any CPU.Build.0 = Debug|Any CPU
		{C0EA4F94-D81C-4BB0-8803-DFA87DD8E095}.Debug|ARM.ActiveCfg = Debug|Any CPU
		{C0EA4F94-D81C-4BB0-8803-DFA87DD8E095}.Debug|x64.ActiveCfg = Debug|Any CPU
		{C0EA4F94-D81C-4BB0-8803-DFA87DD8E095}.Debug|x86.ActiveCfg = Debug|Any CPU
		{C0EA4F94-D81C-4BB0-8803-DFA87DD8E095}.Release|Any CPU.ActiveCfg = Release|Any CPU
		{C0EA4F94-D81C-4BB0-8803-DFA87DD8E095}.Release|Any CPU.Build.0 = Release|Any CPU
		{C0EA4F94-D81C-4BB0-8803-DFA87DD8E095}.Release|ARM.ActiveCfg = Release|Any CPU
		{C0EA4F94-D81C-4BB0-8803-DFA87DD8E095}.Release|x64.ActiveCfg = Release|Any CPU
		{C0EA4F94-D81C-4BB0-8803-DFA87DD8E095}.Release|x86.ActiveCfg = Release|Any CPU
		{FF45EC5F-81F1-41D5-85AD-53B036014ACF}.Debug|Any CPU.ActiveCfg = Debug|Any CPU
		{FF45EC5F-81F1-41D5-85AD-53B036014ACF}.Debug|Any CPU.Build.0 = Debug|Any CPU
		{FF45EC5F-81F1-41D5-85AD-53B036014ACF}.Debug|ARM.ActiveCfg = Debug|Any CPU
		{FF45EC5F-81F1-41D5-85AD-53B036014ACF}.Debug|x64.ActiveCfg = Debug|Any CPU
		{FF45EC5F-81F1-41D5-85AD-53B036014ACF}.Debug|x86.ActiveCfg = Debug|Any CPU
		{FF45EC5F-81F1-41D5-85AD-53B036014ACF}.Release|Any CPU.ActiveCfg = Release|Any CPU
		{FF45EC5F-81F1-41D5-85AD-53B036014ACF}.Release|Any CPU.Build.0 = Release|Any CPU
		{FF45EC5F-81F1-41D5-85AD-53B036014ACF}.Release|ARM.ActiveCfg = Release|Any CPU
		{FF45EC5F-81F1-41D5-85AD-53B036014ACF}.Release|x64.ActiveCfg = Release|Any CPU
		{FF45EC5F-81F1-41D5-85AD-53B036014ACF}.Release|x86.ActiveCfg = Release|Any CPU
		{4B305407-4C54-414C-AA8F-C2AD4032516C}.Debug|Any CPU.ActiveCfg = Debug|Any CPU
		{4B305407-4C54-414C-AA8F-C2AD4032516C}.Debug|Any CPU.Build.0 = Debug|Any CPU
		{4B305407-4C54-414C-AA8F-C2AD4032516C}.Debug|ARM.ActiveCfg = Debug|Any CPU
		{4B305407-4C54-414C-AA8F-C2AD4032516C}.Debug|x64.ActiveCfg = Debug|Any CPU
		{4B305407-4C54-414C-AA8F-C2AD4032516C}.Debug|x86.ActiveCfg = Debug|Any CPU
		{4B305407-4C54-414C-AA8F-C2AD4032516C}.Release|Any CPU.ActiveCfg = Release|Any CPU
		{4B305407-4C54-414C-AA8F-C2AD4032516C}.Release|Any CPU.Build.0 = Release|Any CPU
		{4B305407-4C54-414C-AA8F-C2AD4032516C}.Release|ARM.ActiveCfg = Release|Any CPU
		{4B305407-4C54-414C-AA8F-C2AD4032516C}.Release|x64.ActiveCfg = Release|Any CPU
		{4B305407-4C54-414C-AA8F-C2AD4032516C}.Release|x86.ActiveCfg = Release|Any CPU
		{8DE3C308-9800-4F12-8D1D-EDA47356D012}.Debug|Any CPU.ActiveCfg = Debug|Any CPU
		{8DE3C308-9800-4F12-8D1D-EDA47356D012}.Debug|Any CPU.Build.0 = Debug|Any CPU
		{8DE3C308-9800-4F12-8D1D-EDA47356D012}.Debug|ARM.ActiveCfg = Debug|Any CPU
		{8DE3C308-9800-4F12-8D1D-EDA47356D012}.Debug|x64.ActiveCfg = Debug|Any CPU
		{8DE3C308-9800-4F12-8D1D-EDA47356D012}.Debug|x86.ActiveCfg = Debug|Any CPU
		{8DE3C308-9800-4F12-8D1D-EDA47356D012}.Release|Any CPU.ActiveCfg = Release|Any CPU
		{8DE3C308-9800-4F12-8D1D-EDA47356D012}.Release|Any CPU.Build.0 = Release|Any CPU
		{8DE3C308-9800-4F12-8D1D-EDA47356D012}.Release|ARM.ActiveCfg = Release|Any CPU
		{8DE3C308-9800-4F12-8D1D-EDA47356D012}.Release|x64.ActiveCfg = Release|Any CPU
		{8DE3C308-9800-4F12-8D1D-EDA47356D012}.Release|x86.ActiveCfg = Release|Any CPU
		{FA708BCF-6AD0-4C94-A185-268CF1BC818C}.Debug|Any CPU.ActiveCfg = Debug|Any CPU
		{FA708BCF-6AD0-4C94-A185-268CF1BC818C}.Debug|Any CPU.Build.0 = Debug|Any CPU
		{FA708BCF-6AD0-4C94-A185-268CF1BC818C}.Debug|ARM.ActiveCfg = Debug|Any CPU
		{FA708BCF-6AD0-4C94-A185-268CF1BC818C}.Debug|x64.ActiveCfg = Debug|Any CPU
		{FA708BCF-6AD0-4C94-A185-268CF1BC818C}.Debug|x86.ActiveCfg = Debug|Any CPU
		{FA708BCF-6AD0-4C94-A185-268CF1BC818C}.Release|Any CPU.ActiveCfg = Release|Any CPU
		{FA708BCF-6AD0-4C94-A185-268CF1BC818C}.Release|Any CPU.Build.0 = Release|Any CPU
		{FA708BCF-6AD0-4C94-A185-268CF1BC818C}.Release|ARM.ActiveCfg = Release|Any CPU
		{FA708BCF-6AD0-4C94-A185-268CF1BC818C}.Release|x64.ActiveCfg = Release|Any CPU
		{FA708BCF-6AD0-4C94-A185-268CF1BC818C}.Release|x86.ActiveCfg = Release|Any CPU
		{1908020D-9F63-405F-A721-96F7DCBD9655}.Debug|Any CPU.ActiveCfg = Debug|Any CPU
		{1908020D-9F63-405F-A721-96F7DCBD9655}.Debug|Any CPU.Build.0 = Debug|Any CPU
		{1908020D-9F63-405F-A721-96F7DCBD9655}.Debug|ARM.ActiveCfg = Debug|Any CPU
		{1908020D-9F63-405F-A721-96F7DCBD9655}.Debug|x64.ActiveCfg = Debug|Any CPU
		{1908020D-9F63-405F-A721-96F7DCBD9655}.Debug|x86.ActiveCfg = Debug|Any CPU
		{1908020D-9F63-405F-A721-96F7DCBD9655}.Release|Any CPU.ActiveCfg = Release|Any CPU
		{1908020D-9F63-405F-A721-96F7DCBD9655}.Release|Any CPU.Build.0 = Release|Any CPU
		{1908020D-9F63-405F-A721-96F7DCBD9655}.Release|ARM.ActiveCfg = Release|Any CPU
		{1908020D-9F63-405F-A721-96F7DCBD9655}.Release|x64.ActiveCfg = Release|Any CPU
		{1908020D-9F63-405F-A721-96F7DCBD9655}.Release|x86.ActiveCfg = Release|Any CPU
		{944F3CA3-F73E-4CF1-B69C-C76EF831063C}.Debug|Any CPU.ActiveCfg = Debug|Any CPU
		{944F3CA3-F73E-4CF1-B69C-C76EF831063C}.Debug|Any CPU.Build.0 = Debug|Any CPU
		{944F3CA3-F73E-4CF1-B69C-C76EF831063C}.Debug|ARM.ActiveCfg = Debug|Any CPU
		{944F3CA3-F73E-4CF1-B69C-C76EF831063C}.Debug|x64.ActiveCfg = Debug|Any CPU
		{944F3CA3-F73E-4CF1-B69C-C76EF831063C}.Debug|x86.ActiveCfg = Debug|Any CPU
		{944F3CA3-F73E-4CF1-B69C-C76EF831063C}.Release|Any CPU.ActiveCfg = Release|Any CPU
		{944F3CA3-F73E-4CF1-B69C-C76EF831063C}.Release|Any CPU.Build.0 = Release|Any CPU
		{944F3CA3-F73E-4CF1-B69C-C76EF831063C}.Release|ARM.ActiveCfg = Release|Any CPU
		{944F3CA3-F73E-4CF1-B69C-C76EF831063C}.Release|x64.ActiveCfg = Release|Any CPU
		{944F3CA3-F73E-4CF1-B69C-C76EF831063C}.Release|x86.ActiveCfg = Release|Any CPU
		{9D5A9AD0-2B11-4C9C-8176-C2A0556F11CF}.Debug|Any CPU.ActiveCfg = Debug|Any CPU
		{9D5A9AD0-2B11-4C9C-8176-C2A0556F11CF}.Debug|Any CPU.Build.0 = Debug|Any CPU
		{9D5A9AD0-2B11-4C9C-8176-C2A0556F11CF}.Debug|ARM.ActiveCfg = Debug|Any CPU
		{9D5A9AD0-2B11-4C9C-8176-C2A0556F11CF}.Debug|x64.ActiveCfg = Debug|Any CPU
		{9D5A9AD0-2B11-4C9C-8176-C2A0556F11CF}.Debug|x86.ActiveCfg = Debug|Any CPU
		{9D5A9AD0-2B11-4C9C-8176-C2A0556F11CF}.Release|Any CPU.ActiveCfg = Release|Any CPU
		{9D5A9AD0-2B11-4C9C-8176-C2A0556F11CF}.Release|Any CPU.Build.0 = Release|Any CPU
		{9D5A9AD0-2B11-4C9C-8176-C2A0556F11CF}.Release|ARM.ActiveCfg = Release|Any CPU
		{9D5A9AD0-2B11-4C9C-8176-C2A0556F11CF}.Release|x64.ActiveCfg = Release|Any CPU
		{9D5A9AD0-2B11-4C9C-8176-C2A0556F11CF}.Release|x86.ActiveCfg = Release|Any CPU
		{24C96291-82B6-4C24-9A47-73188F77318C}.Debug|Any CPU.ActiveCfg = Debug|Any CPU
		{24C96291-82B6-4C24-9A47-73188F77318C}.Debug|Any CPU.Build.0 = Debug|Any CPU
		{24C96291-82B6-4C24-9A47-73188F77318C}.Debug|ARM.ActiveCfg = Debug|Any CPU
		{24C96291-82B6-4C24-9A47-73188F77318C}.Debug|x64.ActiveCfg = Debug|Any CPU
		{24C96291-82B6-4C24-9A47-73188F77318C}.Debug|x86.ActiveCfg = Debug|Any CPU
		{24C96291-82B6-4C24-9A47-73188F77318C}.Release|Any CPU.ActiveCfg = Release|Any CPU
		{24C96291-82B6-4C24-9A47-73188F77318C}.Release|Any CPU.Build.0 = Release|Any CPU
		{24C96291-82B6-4C24-9A47-73188F77318C}.Release|ARM.ActiveCfg = Release|Any CPU
		{24C96291-82B6-4C24-9A47-73188F77318C}.Release|x64.ActiveCfg = Release|Any CPU
		{24C96291-82B6-4C24-9A47-73188F77318C}.Release|x86.ActiveCfg = Release|Any CPU
		{02A69A4C-4AD3-43E0-9A74-424414DA2C87}.Debug|Any CPU.ActiveCfg = Debug|Any CPU
		{02A69A4C-4AD3-43E0-9A74-424414DA2C87}.Debug|Any CPU.Build.0 = Debug|Any CPU
		{02A69A4C-4AD3-43E0-9A74-424414DA2C87}.Debug|ARM.ActiveCfg = Debug|Any CPU
		{02A69A4C-4AD3-43E0-9A74-424414DA2C87}.Debug|x64.ActiveCfg = Debug|Any CPU
		{02A69A4C-4AD3-43E0-9A74-424414DA2C87}.Debug|x86.ActiveCfg = Debug|Any CPU
		{02A69A4C-4AD3-43E0-9A74-424414DA2C87}.Release|Any CPU.ActiveCfg = Release|Any CPU
		{02A69A4C-4AD3-43E0-9A74-424414DA2C87}.Release|Any CPU.Build.0 = Release|Any CPU
		{02A69A4C-4AD3-43E0-9A74-424414DA2C87}.Release|ARM.ActiveCfg = Release|Any CPU
		{02A69A4C-4AD3-43E0-9A74-424414DA2C87}.Release|x64.ActiveCfg = Release|Any CPU
		{02A69A4C-4AD3-43E0-9A74-424414DA2C87}.Release|x86.ActiveCfg = Release|Any CPU
	EndGlobalSection
	GlobalSection(SolutionProperties) = preSolution
		HideSolutionNode = FALSE
	EndGlobalSection
EndGlobal
